
Microsoft Visual Studio Solution File, Format Version 12.00
# Visual Studio Version 16
VisualStudioVersion = 16.0.29709.97
MinimumVisualStudioVersion = 10.0.40219.1
Project("{FAE04EC0-301F-11D3-BF4B-00C04F79EFBC}") = "WolfyEngineEditor", "WolfyEngine\WolfyEngineEditor.csproj", "{8027608A-D904-4A1A-83C3-FCBC6869BCEA}"
EndProject
Project("{FAE04EC0-301F-11D3-BF4B-00C04F79EFBC}") = "WolfyGame", "WolfyGame\WolfyGame.csproj", "{86C7F08E-1C36-429F-A401-F42FB63D3236}"
EndProject
Project("{D954291E-2A0B-460D-934E-DC6B0785DB48}") = "WolfyShared", "WolfyShared\WolfyShared.shproj", "{A0CDBD0E-3A41-42B7-9425-A838BC2C7383}"
EndProject
Global
	GlobalSection(SharedMSBuildProjectFiles) = preSolution
		WolfyShared\WolfyShared.projitems*{8027608a-d904-4a1a-83c3-fcbc6869bcea}*SharedItemsImports = 4
		WolfyShared\WolfyShared.projitems*{a0cdbd0e-3a41-42b7-9425-a838bc2c7383}*SharedItemsImports = 13
	EndGlobalSection
	GlobalSection(SolutionConfigurationPlatforms) = preSolution
		Debug|Any CPU = Debug|Any CPU
		Release|Any CPU = Release|Any CPU
	EndGlobalSection
	GlobalSection(ProjectConfigurationPlatforms) = postSolution
		{8027608A-D904-4A1A-83C3-FCBC6869BCEA}.Debug|Any CPU.ActiveCfg = Debug|Any CPU
		{8027608A-D904-4A1A-83C3-FCBC6869BCEA}.Debug|Any CPU.Build.0 = Debug|Any CPU
		{8027608A-D904-4A1A-83C3-FCBC6869BCEA}.Release|Any CPU.ActiveCfg = Release|Any CPU
		{8027608A-D904-4A1A-83C3-FCBC6869BCEA}.Release|Any CPU.Build.0 = Release|Any CPU
		{86C7F08E-1C36-429F-A401-F42FB63D3236}.Debug|Any CPU.ActiveCfg = Debug|Any CPU
		{86C7F08E-1C36-429F-A401-F42FB63D3236}.Debug|Any CPU.Build.0 = Debug|Any CPU
		{86C7F08E-1C36-429F-A401-F42FB63D3236}.Release|Any CPU.ActiveCfg = Release|Any CPU
		{86C7F08E-1C36-429F-A401-F42FB63D3236}.Release|Any CPU.Build.0 = Release|Any CPU
	EndGlobalSection
	GlobalSection(SolutionProperties) = preSolution
		HideSolutionNode = FALSE
	EndGlobalSection
	GlobalSection(ExtensibilityGlobals) = postSolution
		SolutionGuid = {D94453C6-B4AD-43AB-8424-A8A9FDAA0C31}
	EndGlobalSection
EndGlobal
