
Microsoft Visual Studio Solution File, Format Version 12.00
# Visual Studio Version 16
VisualStudioVersion = 16.0.29709.97
MinimumVisualStudioVersion = 10.0.40219.1
Project("{FAE04EC0-301F-11D3-BF4B-00C04F79EFBC}") = "WolfyEditor", "WolfyEngine\WolfyEditor.csproj", "{8027608A-D904-4A1A-83C3-FCBC6869BCEA}"
EndProject
Project("{FAE04EC0-301F-11D3-BF4B-00C04F79EFBC}") = "WolfyGame", "WolfyGame\WolfyGame.csproj", "{86C7F08E-1C36-429F-A401-F42FB63D3236}"
EndProject
Project("{FAE04EC0-301F-11D3-BF4B-00C04F79EFBC}") = "WolfyECS", "WolfyECS\WolfyECS.csproj", "{20975C22-DDB0-47E5-BC17-B3490EF804E1}"
EndProject
Project("{FAE04EC0-301F-11D3-BF4B-00C04F79EFBC}") = "WolfyCore", "WolfyCore\WolfyCore.csproj", "{2DBDC60E-8E63-4D72-8CAD-067064261EE9}"
EndProject
Global
	GlobalSection(SolutionConfigurationPlatforms) = preSolution
		Debug|Any CPU = Debug|Any CPU
		Release|Any CPU = Release|Any CPU
	EndGlobalSection
	GlobalSection(ProjectConfigurationPlatforms) = postSolution
		{8027608A-D904-4A1A-83C3-FCBC6869BCEA}.Debug|Any CPU.ActiveCfg = Debug|Any CPU
		{8027608A-D904-4A1A-83C3-FCBC6869BCEA}.Debug|Any CPU.Build.0 = Debug|Any CPU
		{8027608A-D904-4A1A-83C3-FCBC6869BCEA}.Release|Any CPU.ActiveCfg = Release|Any CPU
		{8027608A-D904-4A1A-83C3-FCBC6869BCEA}.Release|Any CPU.Build.0 = Release|Any CPU
		{86C7F08E-1C36-429F-A401-F42FB63D3236}.Debug|Any CPU.ActiveCfg = Debug|Any CPU
		{86C7F08E-1C36-429F-A401-F42FB63D3236}.Debug|Any CPU.Build.0 = Debug|Any CPU
		{86C7F08E-1C36-429F-A401-F42FB63D3236}.Release|Any CPU.ActiveCfg = Release|Any CPU
		{86C7F08E-1C36-429F-A401-F42FB63D3236}.Release|Any CPU.Build.0 = Release|Any CPU
		{20975C22-DDB0-47E5-BC17-B3490EF804E1}.Debug|Any CPU.ActiveCfg = Debug|Any CPU
		{20975C22-DDB0-47E5-BC17-B3490EF804E1}.Debug|Any CPU.Build.0 = Debug|Any CPU
		{20975C22-DDB0-47E5-BC17-B3490EF804E1}.Release|Any CPU.ActiveCfg = Release|Any CPU
		{20975C22-DDB0-47E5-BC17-B3490EF804E1}.Release|Any CPU.Build.0 = Release|Any CPU
		{2DBDC60E-8E63-4D72-8CAD-067064261EE9}.Debug|Any CPU.ActiveCfg = Debug|Any CPU
		{2DBDC60E-8E63-4D72-8CAD-067064261EE9}.Debug|Any CPU.Build.0 = Debug|Any CPU
		{2DBDC60E-8E63-4D72-8CAD-067064261EE9}.Release|Any CPU.ActiveCfg = Release|Any CPU
		{2DBDC60E-8E63-4D72-8CAD-067064261EE9}.Release|Any CPU.Build.0 = Release|Any CPU
	EndGlobalSection
	GlobalSection(SolutionProperties) = preSolution
		HideSolutionNode = FALSE
	EndGlobalSection
	GlobalSection(ExtensibilityGlobals) = postSolution
		SolutionGuid = {D94453C6-B4AD-43AB-8424-A8A9FDAA0C31}
	EndGlobalSection
EndGlobal
